
Microsoft Visual Studio Solution File, Format Version 12.00
# Visual Studio 15
VisualStudioVersion = 15.0.28307.779
MinimumVisualStudioVersion = 10.0.40219.1
Project("{FAE04EC0-301F-11D3-BF4B-00C04F79EFBC}") = "FW-Api", "Api\FW-Api.csproj", "{6C54462E-2FB6-4960-8B83-2D21DCE70CFD}"
EndProject
Global
	GlobalSection(SolutionConfigurationPlatforms) = preSolution
		Debug|Any CPU = Debug|Any CPU
		Release|Any CPU = Release|Any CPU
	EndGlobalSection
	GlobalSection(ProjectConfigurationPlatforms) = postSolution
		{6C54462E-2FB6-4960-8B83-2D21DCE70CFD}.Debug|Any CPU.ActiveCfg = Debug|Any CPU
		{6C54462E-2FB6-4960-8B83-2D21DCE70CFD}.Debug|Any CPU.Build.0 = Debug|Any CPU
		{6C54462E-2FB6-4960-8B83-2D21DCE70CFD}.Release|Any CPU.ActiveCfg = Release|Any CPU
		{6C54462E-2FB6-4960-8B83-2D21DCE70CFD}.Release|Any CPU.Build.0 = Release|Any CPU
	EndGlobalSection
	GlobalSection(SolutionProperties) = preSolution
		HideSolutionNode = FALSE
	EndGlobalSection
	GlobalSection(ExtensibilityGlobals) = postSolution
		SolutionGuid = {A818512B-8656-412B-A23A-7FED2EE9EB5B}
	EndGlobalSection
EndGlobal
